
Microsoft Visual Studio Solution File, Format Version 12.00
# Visual Studio Version 17
VisualStudioVersion = 17.3.32811.315
MinimumVisualStudioVersion = 10.0.40219.1
Project("{9A19103F-16F7-4668-BE54-9A1E7A4F7556}") = "Linefusion.SourceGenerator.Analyzer", "src\Linefusion.SourceGenerator.Analyzer\Linefusion.SourceGenerator.Analyzer.csproj", "{63162B04-A999-43AA-B65B-426CFF981924}"
EndProject
Project("{9A19103F-16F7-4668-BE54-9A1E7A4F7556}") = "Linefusion.SourceGenerator.Analyzer.Test", "src\Linefusion.SourceGenerator.Analyzer.Test\Linefusion.SourceGenerator.Analyzer.Test.csproj", "{4C2975EF-A288-45F2-B87B-A64E3F5312AA}"
EndProject
Project("{9A19103F-16F7-4668-BE54-9A1E7A4F7556}") = "Linefusion.SourceGenerator.Abstractions", "src\Linefusion.SourceGenerator.Abstractions\Linefusion.SourceGenerator.Abstractions.csproj", "{BB965298-F876-480D-9FD1-BD35F0099DA5}"
EndProject
Project("{9A19103F-16F7-4668-BE54-9A1E7A4F7556}") = "Linefusion.SourceGenerator", "src\Linefusion.SourceGenerator\Linefusion.SourceGenerator.csproj", "{9A02998A-4A97-4CE7-900B-6DEE11E5C6FA}"
EndProject
Global
	GlobalSection(SolutionConfigurationPlatforms) = preSolution
		Debug|Any CPU = Debug|Any CPU
		Release|Any CPU = Release|Any CPU
	EndGlobalSection
	GlobalSection(ProjectConfigurationPlatforms) = postSolution
		{63162B04-A999-43AA-B65B-426CFF981924}.Debug|Any CPU.ActiveCfg = Debug|Any CPU
		{63162B04-A999-43AA-B65B-426CFF981924}.Debug|Any CPU.Build.0 = Debug|Any CPU
		{63162B04-A999-43AA-B65B-426CFF981924}.Release|Any CPU.ActiveCfg = Release|Any CPU
		{63162B04-A999-43AA-B65B-426CFF981924}.Release|Any CPU.Build.0 = Release|Any CPU
		{4C2975EF-A288-45F2-B87B-A64E3F5312AA}.Debug|Any CPU.ActiveCfg = Debug|Any CPU
		{4C2975EF-A288-45F2-B87B-A64E3F5312AA}.Debug|Any CPU.Build.0 = Debug|Any CPU
		{4C2975EF-A288-45F2-B87B-A64E3F5312AA}.Release|Any CPU.ActiveCfg = Release|Any CPU
		{4C2975EF-A288-45F2-B87B-A64E3F5312AA}.Release|Any CPU.Build.0 = Release|Any CPU
		{BB965298-F876-480D-9FD1-BD35F0099DA5}.Debug|Any CPU.ActiveCfg = Debug|Any CPU
		{BB965298-F876-480D-9FD1-BD35F0099DA5}.Debug|Any CPU.Build.0 = Debug|Any CPU
		{BB965298-F876-480D-9FD1-BD35F0099DA5}.Release|Any CPU.ActiveCfg = Release|Any CPU
		{BB965298-F876-480D-9FD1-BD35F0099DA5}.Release|Any CPU.Build.0 = Release|Any CPU
		{9A02998A-4A97-4CE7-900B-6DEE11E5C6FA}.Debug|Any CPU.ActiveCfg = Debug|Any CPU
		{9A02998A-4A97-4CE7-900B-6DEE11E5C6FA}.Debug|Any CPU.Build.0 = Debug|Any CPU
		{9A02998A-4A97-4CE7-900B-6DEE11E5C6FA}.Release|Any CPU.ActiveCfg = Release|Any CPU
		{9A02998A-4A97-4CE7-900B-6DEE11E5C6FA}.Release|Any CPU.Build.0 = Release|Any CPU
	EndGlobalSection
	GlobalSection(SolutionProperties) = preSolution
		HideSolutionNode = FALSE
	EndGlobalSection
	GlobalSection(ExtensibilityGlobals) = postSolution
		SolutionGuid = {944A0D44-54AE-4293-A9E8-E509DFE8F54C}
	EndGlobalSection
EndGlobal
